
Microsoft Visual Studio Solution File, Format Version 12.00
# Visual Studio Version 17
VisualStudioVersion = 17.13.35919.96
MinimumVisualStudioVersion = 10.0.40219.1
Project("{FAE04EC0-301F-11D3-BF4B-00C04F79EFBC}") = "Bombones2025.Entidades", "Bombones2025.Entidades\Bombones2025.Entidades.csproj", "{B51EC529-4059-4350-BD3A-53314ABF7B9B}"
EndProject
Project("{FAE04EC0-301F-11D3-BF4B-00C04F79EFBC}") = "Bombones2025.DatosSql", "Bombones2025.DatosSql\Bombones2025.DatosSql.csproj", "{92EF3312-883C-43F9-A60A-9325B2469373}"
EndProject
Project("{FAE04EC0-301F-11D3-BF4B-00C04F79EFBC}") = "Bombones2025.Windows", "Bombones2025.Windows\Bombones2025.Windows.csproj", "{CA629C23-7724-41C7-B66F-5A26BA79198B}"
EndProject
Project("{FAE04EC0-301F-11D3-BF4B-00C04F79EFBC}") = "Bombones2025.Servicios", "Bombones2025.Servicios\Bombones2025.Servicios.csproj", "{6644E955-FB66-4A73-8F09-C0DE15F0A18B}"
EndProject
Project("{FAE04EC0-301F-11D3-BF4B-00C04F79EFBC}") = "Bombones2025.Utilidades", "Bombones2025.Utilidades\Bombones2025.Utilidades.csproj", "{ED51FB8A-DC8E-4B44-AA51-36CC1F796D1C}"
EndProject
Project("{FAE04EC0-301F-11D3-BF4B-00C04F79EFBC}") = "Bombones2025.Infraestructura", "Bombones2025.Infraestructura\Bombones2025.Infraestructura.csproj", "{A5A507E6-CBE5-4662-A1C4-22C70968DD79}"
EndProject
Global
	GlobalSection(SolutionConfigurationPlatforms) = preSolution
		Debug|Any CPU = Debug|Any CPU
		Release|Any CPU = Release|Any CPU
	EndGlobalSection
	GlobalSection(ProjectConfigurationPlatforms) = postSolution
		{B51EC529-4059-4350-BD3A-53314ABF7B9B}.Debug|Any CPU.ActiveCfg = Debug|Any CPU
		{B51EC529-4059-4350-BD3A-53314ABF7B9B}.Debug|Any CPU.Build.0 = Debug|Any CPU
		{B51EC529-4059-4350-BD3A-53314ABF7B9B}.Release|Any CPU.ActiveCfg = Release|Any CPU
		{B51EC529-4059-4350-BD3A-53314ABF7B9B}.Release|Any CPU.Build.0 = Release|Any CPU
		{92EF3312-883C-43F9-A60A-9325B2469373}.Debug|Any CPU.ActiveCfg = Debug|Any CPU
		{92EF3312-883C-43F9-A60A-9325B2469373}.Debug|Any CPU.Build.0 = Debug|Any CPU
		{92EF3312-883C-43F9-A60A-9325B2469373}.Release|Any CPU.ActiveCfg = Release|Any CPU
		{92EF3312-883C-43F9-A60A-9325B2469373}.Release|Any CPU.Build.0 = Release|Any CPU
		{CA629C23-7724-41C7-B66F-5A26BA79198B}.Debug|Any CPU.ActiveCfg = Debug|Any CPU
		{CA629C23-7724-41C7-B66F-5A26BA79198B}.Debug|Any CPU.Build.0 = Debug|Any CPU
		{CA629C23-7724-41C7-B66F-5A26BA79198B}.Release|Any CPU.ActiveCfg = Release|Any CPU
		{CA629C23-7724-41C7-B66F-5A26BA79198B}.Release|Any CPU.Build.0 = Release|Any CPU
		{6644E955-FB66-4A73-8F09-C0DE15F0A18B}.Debug|Any CPU.ActiveCfg = Debug|Any CPU
		{6644E955-FB66-4A73-8F09-C0DE15F0A18B}.Debug|Any CPU.Build.0 = Debug|Any CPU
		{6644E955-FB66-4A73-8F09-C0DE15F0A18B}.Release|Any CPU.ActiveCfg = Release|Any CPU
		{6644E955-FB66-4A73-8F09-C0DE15F0A18B}.Release|Any CPU.Build.0 = Release|Any CPU
		{ED51FB8A-DC8E-4B44-AA51-36CC1F796D1C}.Debug|Any CPU.ActiveCfg = Debug|Any CPU
		{ED51FB8A-DC8E-4B44-AA51-36CC1F796D1C}.Debug|Any CPU.Build.0 = Debug|Any CPU
		{ED51FB8A-DC8E-4B44-AA51-36CC1F796D1C}.Release|Any CPU.ActiveCfg = Release|Any CPU
		{ED51FB8A-DC8E-4B44-AA51-36CC1F796D1C}.Release|Any CPU.Build.0 = Release|Any CPU
		{A5A507E6-CBE5-4662-A1C4-22C70968DD79}.Debug|Any CPU.ActiveCfg = Debug|Any CPU
		{A5A507E6-CBE5-4662-A1C4-22C70968DD79}.Debug|Any CPU.Build.0 = Debug|Any CPU
		{A5A507E6-CBE5-4662-A1C4-22C70968DD79}.Release|Any CPU.ActiveCfg = Release|Any CPU
		{A5A507E6-CBE5-4662-A1C4-22C70968DD79}.Release|Any CPU.Build.0 = Release|Any CPU
	EndGlobalSection
	GlobalSection(SolutionProperties) = preSolution
		HideSolutionNode = FALSE
	EndGlobalSection
	GlobalSection(ExtensibilityGlobals) = postSolution
		SolutionGuid = {D137F33F-F95F-4863-A019-FCF21E6DC338}
	EndGlobalSection
EndGlobal
